
Microsoft Visual Studio Solution File, Format Version 12.00
# Visual Studio Version 17
VisualStudioVersion = 17.9.34622.214
MinimumVisualStudioVersion = 10.0.40219.1
Project("{FAE04EC0-301F-11D3-BF4B-00C04F79EFBC}") = "OneMusic.EntityLayer", "OneMusic.EntityLayer\OneMusic.EntityLayer.csproj", "{07A6E9B8-8DAD-4E0E-82BE-F8D1343CBE09}"
EndProject
Project("{FAE04EC0-301F-11D3-BF4B-00C04F79EFBC}") = "OneMusic.DataAccessLayer", "OneMusic.DataAccessLayer\OneMusic.DataAccessLayer.csproj", "{1DA3E14C-F22C-40C6-BB8C-1011BDF88CEC}"
EndProject
Project("{FAE04EC0-301F-11D3-BF4B-00C04F79EFBC}") = "OneMusic.BusinessLayer", "OneMusic.BusinessLayer\OneMusic.BusinessLayer.csproj", "{38943C3C-89AC-44F7-928C-CC8721EE716B}"
EndProject
Project("{FAE04EC0-301F-11D3-BF4B-00C04F79EFBC}") = "OneMusic.WebUI", "OneMusic.WebUI\OneMusic.WebUI.csproj", "{AB8EA121-75BC-46D7-B29A-CB0B13AB7E44}"
EndProject
Global
	GlobalSection(SolutionConfigurationPlatforms) = preSolution
		Debug|Any CPU = Debug|Any CPU
		Release|Any CPU = Release|Any CPU
	EndGlobalSection
	GlobalSection(ProjectConfigurationPlatforms) = postSolution
		{07A6E9B8-8DAD-4E0E-82BE-F8D1343CBE09}.Debug|Any CPU.ActiveCfg = Debug|Any CPU
		{07A6E9B8-8DAD-4E0E-82BE-F8D1343CBE09}.Debug|Any CPU.Build.0 = Debug|Any CPU
		{07A6E9B8-8DAD-4E0E-82BE-F8D1343CBE09}.Release|Any CPU.ActiveCfg = Release|Any CPU
		{07A6E9B8-8DAD-4E0E-82BE-F8D1343CBE09}.Release|Any CPU.Build.0 = Release|Any CPU
		{1DA3E14C-F22C-40C6-BB8C-1011BDF88CEC}.Debug|Any CPU.ActiveCfg = Debug|Any CPU
		{1DA3E14C-F22C-40C6-BB8C-1011BDF88CEC}.Debug|Any CPU.Build.0 = Debug|Any CPU
		{1DA3E14C-F22C-40C6-BB8C-1011BDF88CEC}.Release|Any CPU.ActiveCfg = Release|Any CPU
		{1DA3E14C-F22C-40C6-BB8C-1011BDF88CEC}.Release|Any CPU.Build.0 = Release|Any CPU
		{38943C3C-89AC-44F7-928C-CC8721EE716B}.Debug|Any CPU.ActiveCfg = Debug|Any CPU
		{38943C3C-89AC-44F7-928C-CC8721EE716B}.Debug|Any CPU.Build.0 = Debug|Any CPU
		{38943C3C-89AC-44F7-928C-CC8721EE716B}.Release|Any CPU.ActiveCfg = Release|Any CPU
		{38943C3C-89AC-44F7-928C-CC8721EE716B}.Release|Any CPU.Build.0 = Release|Any CPU
		{AB8EA121-75BC-46D7-B29A-CB0B13AB7E44}.Debug|Any CPU.ActiveCfg = Debug|Any CPU
		{AB8EA121-75BC-46D7-B29A-CB0B13AB7E44}.Debug|Any CPU.Build.0 = Debug|Any CPU
		{AB8EA121-75BC-46D7-B29A-CB0B13AB7E44}.Release|Any CPU.ActiveCfg = Release|Any CPU
		{AB8EA121-75BC-46D7-B29A-CB0B13AB7E44}.Release|Any CPU.Build.0 = Release|Any CPU
	EndGlobalSection
	GlobalSection(SolutionProperties) = preSolution
		HideSolutionNode = FALSE
	EndGlobalSection
	GlobalSection(ExtensibilityGlobals) = postSolution
		SolutionGuid = {F99EA511-40F6-4623-8B5A-411F4CEDD923}
	EndGlobalSection
EndGlobal
